
Microsoft Visual Studio Solution File, Format Version 12.00
# Visual Studio Version 17
VisualStudioVersion = 17.7.34024.191
MinimumVisualStudioVersion = 10.0.40219.1
Project("{FAE04EC0-301F-11D3-BF4B-00C04F79EFBC}") = "HellowWorld", "HellowWorld\HellowWorld.csproj", "{209CB888-6228-4742-9D60-312DCBC1E13D}"
EndProject
Global
	GlobalSection(SolutionConfigurationPlatforms) = preSolution
		Debug|Any CPU = Debug|Any CPU
		Release|Any CPU = Release|Any CPU
	EndGlobalSection
	GlobalSection(ProjectConfigurationPlatforms) = postSolution
		{209CB888-6228-4742-9D60-312DCBC1E13D}.Debug|Any CPU.ActiveCfg = Debug|Any CPU
		{209CB888-6228-4742-9D60-312DCBC1E13D}.Debug|Any CPU.Build.0 = Debug|Any CPU
		{209CB888-6228-4742-9D60-312DCBC1E13D}.Release|Any CPU.ActiveCfg = Release|Any CPU
		{209CB888-6228-4742-9D60-312DCBC1E13D}.Release|Any CPU.Build.0 = Release|Any CPU
	EndGlobalSection
	GlobalSection(SolutionProperties) = preSolution
		HideSolutionNode = FALSE
	EndGlobalSection
	GlobalSection(ExtensibilityGlobals) = postSolution
		SolutionGuid = {406A421B-0222-488D-815F-AF427358C287}
	EndGlobalSection
EndGlobal
