
Microsoft Visual Studio Solution File, Format Version 12.00
# Visual Studio Version 17
VisualStudioVersion = 17.7.34024.191
MinimumVisualStudioVersion = 10.0.40219.1
Project("{FAE04EC0-301F-11D3-BF4B-00C04F79EFBC}") = "Variable", "Variable\Variable.csproj", "{AF81F9D3-3CDA-4032-B24A-BC8129B9774B}"
EndProject
Global
	GlobalSection(SolutionConfigurationPlatforms) = preSolution
		Debug|Any CPU = Debug|Any CPU
		Release|Any CPU = Release|Any CPU
	EndGlobalSection
	GlobalSection(ProjectConfigurationPlatforms) = postSolution
		{AF81F9D3-3CDA-4032-B24A-BC8129B9774B}.Debug|Any CPU.ActiveCfg = Debug|Any CPU
		{AF81F9D3-3CDA-4032-B24A-BC8129B9774B}.Debug|Any CPU.Build.0 = Debug|Any CPU
		{AF81F9D3-3CDA-4032-B24A-BC8129B9774B}.Release|Any CPU.ActiveCfg = Release|Any CPU
		{AF81F9D3-3CDA-4032-B24A-BC8129B9774B}.Release|Any CPU.Build.0 = Release|Any CPU
	EndGlobalSection
	GlobalSection(SolutionProperties) = preSolution
		HideSolutionNode = FALSE
	EndGlobalSection
	GlobalSection(ExtensibilityGlobals) = postSolution
		SolutionGuid = {D7AA27D1-499B-4E53-8AAC-194518A9DD41}
	EndGlobalSection
EndGlobal
